<?xml version="1.0" encoding="utf-8"?>
<Project ToolsVersion="4.0" xmlns="http://schemas.microsoft.com/developer/msbuild/2003">
  <ItemGroup>
    <Filter Include="include">
      <UniqueIdentifier>{89AF369E-F58E-B539-FEA6-40106A051C9B}</UniqueIdentifier>
    </Filter>
    <Filter Include="src">
      <UniqueIdentifier>{2DAB880B-99B4-887C-2230-9F7C8E38947C}</UniqueIdentifier>
    </Filter>
    <Filter Include="src\librealsense">
      <UniqueIdentifier>{D575FC95-C16E-1BE8-EAA0-006DD6F8FAF3}</UniqueIdentifier>
    </Filter>
    <Filter Include="src\librealsense\include">
      <UniqueIdentifier>{48A2B897-34C7-0718-5D12-EDA749960636}</UniqueIdentifier>
    </Filter>
    <Filter Include="src\librealsense\include\librealsense">
      <UniqueIdentifier>{D0E0EB6D-3CA5-EA5D-050B-1B28718E8693}</UniqueIdentifier>
    </Filter>
    <Filter Include="src\librealsense\src">
      <UniqueIdentifier>{6C165988-58A5-E251-01C4-F64CED31F3F7}</UniqueIdentifier>
    </Filter>
    <Filter Include="src\openni2">
      <UniqueIdentifier>{D7991D7A-434F-966F-CC43-904638F88C73}</UniqueIdentifier>
    </Filter>
    <Filter Include="src\openni2\Include">
      <UniqueIdentifier>{2A106FD6-9671-4CE4-1FDF-92968B3F83A3}</UniqueIdentifier>
    </Filter>
    <Filter Include="src\openni2\Include\Android-Arm">
      <UniqueIdentifier>{077B6793-735E-76D3-7C61-A40FE8C33C24}</UniqueIdentifier>
    </Filter>
    <Filter Include="src\openni2\Include\Driver">
      <UniqueIdentifier>{C56F840C-B17F-30DD-1A39-95FB06681F76}</UniqueIdentifier>
    </Filter>
    <Filter Include="src\openni2\Include\Linux-Arm">
      <UniqueIdentifier>{F647A200-6260-892A-2B0D-19C497E41DC4}</UniqueIdentifier>
    </Filter>
    <Filter Include="src\openni2\Include\Linux-x86">
      <UniqueIdentifier>{3C2AA300-A842-8A2A-71EF-19C4DDC61EC4}</UniqueIdentifier>
    </Filter>
    <Filter Include="src\openni2\Include\MacOSX">
      <UniqueIdentifier>{444A4B20-305A-F7F0-9913-5C0F8542E689}</UniqueIdentifier>
    </Filter>
    <Filter Include="src\openni2\Include\Win32">
      <UniqueIdentifier>{8C3F8D66-F801-C1F0-41B2-4F7DADB399CE}</UniqueIdentifier>
    </Filter>
    <Filter Include="src\v1">
      <UniqueIdentifier>{634F661C-4FF1-90F2-38AC-A44624ED1743}</UniqueIdentifier>
    </Filter>
    <Filter Include="src\v1\sdk">
      <UniqueIdentifier>{3405117C-20BD-52C9-89C4-2B25759BEDB9}</UniqueIdentifier>
    </Filter>
    <Filter Include="src\v1\sdk\inc">
      <UniqueIdentifier>{3D12D47A-29E0-C780-1274-38A7FEE0A3E5}</UniqueIdentifier>
    </Filter>
    <Filter Include="src\v1\src">
      <UniqueIdentifier>{FA06117C-E6BE-52C9-4FC6-2B253B9DEDB9}</UniqueIdentifier>
    </Filter>
    <Filter Include="src\v2">
      <UniqueIdentifier>{644F661C-50F1-90F2-39AC-A44625ED1743}</UniqueIdentifier>
    </Filter>
    <Filter Include="src\v2\sdk">
      <UniqueIdentifier>{B51D237C-A1D5-64C9-0ADD-3D25F6B3FFB9}</UniqueIdentifier>
    </Filter>
    <Filter Include="src\v2\sdk\inc">
      <UniqueIdentifier>{3E8350EF-2A51-44F5-13E5-B41BFF51205A}</UniqueIdentifier>
    </Filter>
    <Filter Include="src\v2\src">
      <UniqueIdentifier>{7B1F237C-67D7-64C9-D0DE-3D25BCB5FFB9}</UniqueIdentifier>
    </Filter>
  </ItemGroup>
  <ItemGroup>
    <ClInclude Include="..\include\DepthSensor.h">
      <Filter>include</Filter>
    </ClInclude>
    <ClInclude Include="..\src\librealsense\include\librealsense\rs.h">
      <Filter>src\librealsense\include\librealsense</Filter>
    </ClInclude>
    <ClInclude Include="..\src\librealsense\include\librealsense\rs.hpp">
      <Filter>src\librealsense\include\librealsense</Filter>
    </ClInclude>
    <ClInclude Include="..\src\librealsense\include\librealsense\rsutil.h">
      <Filter>src\librealsense\include\librealsense</Filter>
    </ClInclude>
    <ClInclude Include="..\src\librealsense\src\context.h">
      <Filter>src\librealsense\src</Filter>
    </ClInclude>
    <ClInclude Include="..\src\librealsense\src\device.h">
      <Filter>src\librealsense\src</Filter>
    </ClInclude>
    <ClInclude Include="..\src\librealsense\src\f200-private.h">
      <Filter>src\librealsense\src</Filter>
    </ClInclude>
    <ClInclude Include="..\src\librealsense\src\f200.h">
      <Filter>src\librealsense\src</Filter>
    </ClInclude>
    <ClInclude Include="..\src\librealsense\src\image.h">
      <Filter>src\librealsense\src</Filter>
    </ClInclude>
    <ClInclude Include="..\src\librealsense\src\r200-private.h">
      <Filter>src\librealsense\src</Filter>
    </ClInclude>
    <ClInclude Include="..\src\librealsense\src\r200.h">
      <Filter>src\librealsense\src</Filter>
    </ClInclude>
    <ClInclude Include="..\src\librealsense\src\stream.h">
      <Filter>src\librealsense\src</Filter>
    </ClInclude>
    <ClInclude Include="..\src\librealsense\src\sync.h">
      <Filter>src\librealsense\src</Filter>
    </ClInclude>
    <ClInclude Include="..\src\librealsense\src\types.h">
      <Filter>src\librealsense\src</Filter>
    </ClInclude>
    <ClInclude Include="..\src\librealsense\src\uvc.h">
      <Filter>src\librealsense\src</Filter>
    </ClInclude>
    <ClInclude Include="..\src\openni2\Include\Android-Arm\OniPlatformAndroid-Arm.h">
      <Filter>src\openni2\Include\Android-Arm</Filter>
    </ClInclude>
    <ClInclude Include="..\src\openni2\Include\Driver\OniDriverAPI.h">
      <Filter>src\openni2\Include\Driver</Filter>
    </ClInclude>
    <ClInclude Include="..\src\openni2\Include\Driver\OniDriverTypes.h">
      <Filter>src\openni2\Include\Driver</Filter>
    </ClInclude>
    <ClInclude Include="..\src\openni2\Include\Linux-Arm\OniPlatformLinux-Arm.h">
      <Filter>src\openni2\Include\Linux-Arm</Filter>
    </ClInclude>
    <ClInclude Include="..\src\openni2\Include\Linux-x86\OniPlatformLinux-x86.h">
      <Filter>src\openni2\Include\Linux-x86</Filter>
    </ClInclude>
    <ClInclude Include="..\src\openni2\Include\MacOSX\OniPlatformMacOSX.h">
      <Filter>src\openni2\Include\MacOSX</Filter>
    </ClInclude>
    <ClInclude Include="..\src\openni2\Include\OniCAPI.h">
      <Filter>src\openni2\Include</Filter>
    </ClInclude>
    <ClInclude Include="..\src\openni2\Include\OniCEnums.h">
      <Filter>src\openni2\Include</Filter>
    </ClInclude>
    <ClInclude Include="..\src\openni2\Include\OniCProperties.h">
      <Filter>src\openni2\Include</Filter>
    </ClInclude>
    <ClInclude Include="..\src\openni2\Include\OniCTypes.h">
      <Filter>src\openni2\Include</Filter>
    </ClInclude>
    <ClInclude Include="..\src\openni2\Include\OniEnums.h">
      <Filter>src\openni2\Include</Filter>
    </ClInclude>
    <ClInclude Include="..\src\openni2\Include\OniPlatform.h">
      <Filter>src\openni2\Include</Filter>
    </ClInclude>
    <ClInclude Include="..\src\openni2\Include\OniProperties.h">
      <Filter>src\openni2\Include</Filter>
    </ClInclude>
    <ClInclude Include="..\src\openni2\Include\OniVersion.h">
      <Filter>src\openni2\Include</Filter>
    </ClInclude>
    <ClInclude Include="..\src\openni2\Include\OpenNI.h">
      <Filter>src\openni2\Include</Filter>
    </ClInclude>
    <ClInclude Include="..\src\openni2\Include\PS1080.h">
      <Filter>src\openni2\Include</Filter>
    </ClInclude>
    <ClInclude Include="..\src\openni2\Include\PSLink.h">
      <Filter>src\openni2\Include</Filter>
    </ClInclude>
    <ClInclude Include="..\src\openni2\Include\PrimeSense.h">
      <Filter>src\openni2\Include</Filter>
    </ClInclude>
    <ClInclude Include="..\src\openni2\Include\Win32\OniPlatformWin32.h">
      <Filter>src\openni2\Include\Win32</Filter>
    </ClInclude>
    <ClInclude Include="..\src\v1\sdk\inc\NuiApi.h">
      <Filter>src\v1\sdk\inc</Filter>
    </ClInclude>
    <ClInclude Include="..\src\v1\sdk\inc\NuiImageCamera.h">
      <Filter>src\v1\sdk\inc</Filter>
    </ClInclude>
    <ClInclude Include="..\src\v1\sdk\inc\NuiSensor.h">
      <Filter>src\v1\sdk\inc</Filter>
    </ClInclude>
    <ClInclude Include="..\src\v1\sdk\inc\NuiSkeleton.h">
      <Filter>src\v1\sdk\inc</Filter>
    </ClInclude>
    <ClInclude Include="..\src\v1\src\AutoLock.h">
      <Filter>src\v1\src</Filter>
    </ClInclude>
    <ClInclude Include="..\src\v1\src\ComSmartPtr.h">
      <Filter>src\v1\src</Filter>
    </ClInclude>
    <ClInclude Include="..\src\v1\src\CoordinateMapper.h">
      <Filter>src\v1\src</Filter>
    </ClInclude>
    <ClInclude Include="..\src\v1\src\CriticalSection.h">
      <Filter>src\v1\src</Filter>
    </ClInclude>
    <ClInclude Include="..\src\v1\src\DataStream.h">
      <Filter>src\v1\src</Filter>
    </ClInclude>
    <ClInclude Include="..\src\v1\src\DataStreamAudio.h">
      <Filter>src\v1\src</Filter>
    </ClInclude>
    <ClInclude Include="..\src\v1\src\DataStreamColor.h">
      <Filter>src\v1\src</Filter>
    </ClInclude>
    <ClInclude Include="..\src\v1\src\DataStreamDepth.h">
      <Filter>src\v1\src</Filter>
    </ClInclude>
    <ClInclude Include="..\src\v1\src\DataStreamSkeleton.h">
      <Filter>src\v1\src</Filter>
    </ClInclude>
    <ClInclude Include="..\src\v1\src\FaceTracker.h">
      <Filter>src\v1\src</Filter>
    </ClInclude>
    <ClInclude Include="..\src\v1\src\KinectAudioStream.h">
      <Filter>src\v1\src</Filter>
    </ClInclude>
    <ClInclude Include="..\src\v1\src\KinectCommonBridgeLib.h">
      <Filter>src\v1\src</Filter>
    </ClInclude>
    <ClInclude Include="..\src\v1\src\KinectSensor.h">
      <Filter>src\v1\src</Filter>
    </ClInclude>
    <ClInclude Include="..\src\v1\src\MediaBuffer.h">
      <Filter>src\v1\src</Filter>
    </ClInclude>
    <ClInclude Include="..\src\v1\src\SensorManager.h">
      <Filter>src\v1\src</Filter>
    </ClInclude>
    <ClInclude Include="..\src\v1\src\stdafx.h">
      <Filter>src\v1\src</Filter>
    </ClInclude>
    <ClInclude Include="..\src\v1\src\targetver.h">
      <Filter>src\v1\src</Filter>
    </ClInclude>
    <ClInclude Include="..\src\v2\sdk\inc\Kinect.Face.h">
      <Filter>src\v2\sdk\inc</Filter>
    </ClInclude>
    <ClInclude Include="..\src\v2\sdk\inc\Kinect.INPC.h">
      <Filter>src\v2\sdk\inc</Filter>
    </ClInclude>
    <ClInclude Include="..\src\v2\sdk\inc\Kinect.VisualGestureBuilder.h">
      <Filter>src\v2\sdk\inc</Filter>
    </ClInclude>
    <ClInclude Include="..\src\v2\sdk\inc\Kinect.h">
      <Filter>src\v2\sdk\inc</Filter>
    </ClInclude>
    <ClInclude Include="..\src\v2\sdk\inc\NuiKinectFusionApi.h">
      <Filter>src\v2\sdk\inc</Filter>
    </ClInclude>
    <ClInclude Include="..\src\v2\sdk\inc\NuiKinectFusionBase.h">
      <Filter>src\v2\sdk\inc</Filter>
    </ClInclude>
    <ClInclude Include="..\src\v2\sdk\inc\NuiKinectFusionCameraPoseFinder.h">
      <Filter>src\v2\sdk\inc</Filter>
    </ClInclude>
    <ClInclude Include="..\src\v2\sdk\inc\NuiKinectFusionColorVolume.h">
      <Filter>src\v2\sdk\inc</Filter>
    </ClInclude>
    <ClInclude Include="..\src\v2\sdk\inc\NuiKinectFusionDepthProcessor.h">
      <Filter>src\v2\sdk\inc</Filter>
    </ClInclude>
    <ClInclude Include="..\src\v2\sdk\inc\NuiKinectFusionVolume.h">
      <Filter>src\v2\sdk\inc</Filter>
    </ClInclude>
    <ClInclude Include="..\src\v2\src\AutoLock.h">
      <Filter>src\v2\src</Filter>
    </ClInclude>
    <ClInclude Include="..\src\v2\src\KCBSensor.h">
      <Filter>src\v2\src</Filter>
    </ClInclude>
    <ClInclude Include="..\src\v2\src\KCBv2Lib.h">
      <Filter>src\v2\src</Filter>
    </ClInclude>
    <ClInclude Include="..\src\v2\src\KinectList.h">
      <Filter>src\v2\src</Filter>
    </ClInclude>
    <ClInclude Include="..\src\v2\src\stdafx.h">
      <Filter>src\v2\src</Filter>
    </ClInclude>
  </ItemGroup>
  <ItemGroup>
    <ClCompile Include="..\src\DepthSensor.cpp">
      <Filter>src</Filter>
    </ClCompile>
    <ClCompile Include="..\src\DeviceKinect1.cpp">
      <Filter>src</Filter>
    </ClCompile>
    <ClCompile Include="..\src\DeviceKinect2.cpp">
      <Filter>src</Filter>
    </ClCompile>
    <ClCompile Include="..\src\DeviceOpenNI.cpp">
      <Filter>src</Filter>
    </ClCompile>
    <ClCompile Include="..\src\DeviceRealSense.cpp">
      <Filter>src</Filter>
    </ClCompile>
    <ClCompile Include="..\src\DeviceSimulator.cpp">
      <Filter>src</Filter>
    </ClCompile>
    <ClCompile Include="..\src\librealsense\src\context.cpp">
      <Filter>src\librealsense\src</Filter>
    </ClCompile>
    <ClCompile Include="..\src\librealsense\src\device.cpp">
      <Filter>src\librealsense\src</Filter>
    </ClCompile>
    <ClCompile Include="..\src\librealsense\src\f200-private.cpp">
      <Filter>src\librealsense\src</Filter>
    </ClCompile>
    <ClCompile Include="..\src\librealsense\src\f200.cpp">
      <Filter>src\librealsense\src</Filter>
    </ClCompile>
    <ClCompile Include="..\src\librealsense\src\image.cpp">
      <Filter>src\librealsense\src</Filter>
    </ClCompile>
    <ClCompile Include="..\src\librealsense\src\log.cpp">
      <Filter>src\librealsense\src</Filter>
    </ClCompile>
    <ClCompile Include="..\src\librealsense\src\r200-private.cpp">
      <Filter>src\librealsense\src</Filter>
    </ClCompile>
    <ClCompile Include="..\src\librealsense\src\r200.cpp">
      <Filter>src\librealsense\src</Filter>
    </ClCompile>
    <ClCompile Include="..\src\librealsense\src\rs.cpp">
      <Filter>src\librealsense\src</Filter>
    </ClCompile>
    <ClCompile Include="..\src\librealsense\src\stream.cpp">
      <Filter>src\librealsense\src</Filter>
    </ClCompile>
    <ClCompile Include="..\src\librealsense\src\sync.cpp">
      <Filter>src\librealsense\src</Filter>
    </ClCompile>
    <ClCompile Include="..\src\librealsense\src\types.cpp">
      <Filter>src\librealsense\src</Filter>
    </ClCompile>
    <ClCompile Include="..\src\librealsense\src\uvc-libuvc.cpp">
      <Filter>src\librealsense\src</Filter>
    </ClCompile>
    <ClCompile Include="..\src\librealsense\src\uvc-v4l2.cpp">
      <Filter>src\librealsense\src</Filter>
    </ClCompile>
    <ClCompile Include="..\src\librealsense\src\uvc-wmf.cpp">
      <Filter>src\librealsense\src</Filter>
    </ClCompile>
    <ClCompile Include="..\src\librealsense\src\uvc.cpp">
      <Filter>src\librealsense\src</Filter>
    </ClCompile>
    <ClCompile Include="..\src\librealsense\src\verify.c">
      <Filter>src\librealsense\src</Filter>
    </ClCompile>
    <ClCompile Include="..\src\v1\src\CoordinateMapper.cpp">
      <Filter>src\v1\src</Filter>
    </ClCompile>
    <ClCompile Include="..\src\v1\src\DataStream.cpp">
      <Filter>src\v1\src</Filter>
    </ClCompile>
    <ClCompile Include="..\src\v1\src\DataStreamAudio.cpp">
      <Filter>src\v1\src</Filter>
    </ClCompile>
    <ClCompile Include="..\src\v1\src\DataStreamColor.cpp">
      <Filter>src\v1\src</Filter>
    </ClCompile>
    <ClCompile Include="..\src\v1\src\DataStreamDepth.cpp">
      <Filter>src\v1\src</Filter>
    </ClCompile>
    <ClCompile Include="..\src\v1\src\DataStreamSkeleton.cpp">
      <Filter>src\v1\src</Filter>
    </ClCompile>
    <ClCompile Include="..\src\v1\src\FaceTracker.cpp">
      <Filter>src\v1\src</Filter>
    </ClCompile>
    <ClCompile Include="..\src\v1\src\KinectAudioStream.cpp">
      <Filter>src\v1\src</Filter>
    </ClCompile>
    <ClCompile Include="..\src\v1\src\KinectCommonBridgeLib.cpp">
      <Filter>src\v1\src</Filter>
    </ClCompile>
    <ClCompile Include="..\src\v1\src\KinectSensor.cpp">
      <Filter>src\v1\src</Filter>
    </ClCompile>
    <ClCompile Include="..\src\v1\src\MediaBuffer.cpp">
      <Filter>src\v1\src</Filter>
    </ClCompile>
    <ClCompile Include="..\src\v1\src\SensorManager.cpp">
      <Filter>src\v1\src</Filter>
    </ClCompile>
    <ClCompile Include="..\src\v1\src\stdafx.cpp">
      <Filter>src\v1\src</Filter>
    </ClCompile>
    <ClCompile Include="..\src\v2\src\KCBFrames.cpp">
      <Filter>src\v2\src</Filter>
    </ClCompile>
    <ClCompile Include="..\src\v2\src\KCBSensor.cpp">
      <Filter>src\v2\src</Filter>
    </ClCompile>
    <ClCompile Include="..\src\v2\src\KCBv2Lib.cpp">
      <Filter>src\v2\src</Filter>
    </ClCompile>
    <ClCompile Include="..\src\v2\src\KinectList.cpp">
      <Filter>src\v2\src</Filter>
    </ClCompile>
  </ItemGroup>
</Project>